
Microsoft Visual Studio Solution File, Format Version 12.00
# Visual Studio 15
VisualStudioVersion = 15.0.26124.0
MinimumVisualStudioVersion = 15.0.26124.0
Project("{2150E333-8FDC-42A3-9474-1A3956D46DE8}") = "src", "src", "{66C868D8-3E0B-443C-B5EA-C2BF9CF7F2EA}"
EndProject
Project("{FAE04EC0-301F-11D3-BF4B-00C04F79EFBC}") = "Hyde", "src\Hyde\Hyde.csproj", "{449AF858-6BC5-44A0-9BCD-57008E5539C3}"
EndProject
Global
	GlobalSection(SolutionConfigurationPlatforms) = preSolution
		Debug|Any CPU = Debug|Any CPU
		Debug|x64 = Debug|x64
		Debug|x86 = Debug|x86
		Release|Any CPU = Release|Any CPU
		Release|x64 = Release|x64
		Release|x86 = Release|x86
	EndGlobalSection
	GlobalSection(SolutionProperties) = preSolution
		HideSolutionNode = FALSE
	EndGlobalSection
	GlobalSection(ProjectConfigurationPlatforms) = postSolution
		{449AF858-6BC5-44A0-9BCD-57008E5539C3}.Debug|Any CPU.ActiveCfg = Debug|Any CPU
		{449AF858-6BC5-44A0-9BCD-57008E5539C3}.Debug|Any CPU.Build.0 = Debug|Any CPU
		{449AF858-6BC5-44A0-9BCD-57008E5539C3}.Debug|x64.ActiveCfg = Debug|Any CPU
		{449AF858-6BC5-44A0-9BCD-57008E5539C3}.Debug|x64.Build.0 = Debug|Any CPU
		{449AF858-6BC5-44A0-9BCD-57008E5539C3}.Debug|x86.ActiveCfg = Debug|Any CPU
		{449AF858-6BC5-44A0-9BCD-57008E5539C3}.Debug|x86.Build.0 = Debug|Any CPU
		{449AF858-6BC5-44A0-9BCD-57008E5539C3}.Release|Any CPU.ActiveCfg = Release|Any CPU
		{449AF858-6BC5-44A0-9BCD-57008E5539C3}.Release|Any CPU.Build.0 = Release|Any CPU
		{449AF858-6BC5-44A0-9BCD-57008E5539C3}.Release|x64.ActiveCfg = Release|Any CPU
		{449AF858-6BC5-44A0-9BCD-57008E5539C3}.Release|x64.Build.0 = Release|Any CPU
		{449AF858-6BC5-44A0-9BCD-57008E5539C3}.Release|x86.ActiveCfg = Release|Any CPU
		{449AF858-6BC5-44A0-9BCD-57008E5539C3}.Release|x86.Build.0 = Release|Any CPU
	EndGlobalSection
	GlobalSection(NestedProjects) = preSolution
		{449AF858-6BC5-44A0-9BCD-57008E5539C3} = {66C868D8-3E0B-443C-B5EA-C2BF9CF7F2EA}
	EndGlobalSection
EndGlobal
